// !$*UTF8*$!
{
	archiveVersion = 1;
	classes = {
	};
	objectVersion = 77;
	objects = {

/* Begin PBXContainerItemProxy section */
		2EC3F4DA2EBFEE8800D70CC0 /* PBXContainerItemProxy */ = {
			isa = PBXContainerItemProxy;
			containerPortal = 2EC3F4C42EBFEE8700D70CC0 /* Project object */;
			proxyType = 1;
			remoteGlobalIDString = 2EC3F4CB2EBFEE8700D70CC0;
			remoteInfo = "Astoria Filter Editor";
		};
		2EC3F4E42EBFEE8800D70CC0 /* PBXContainerItemProxy */ = {
			isa = PBXContainerItemProxy;
			containerPortal = 2EC3F4C42EBFEE8700D70CC0 /* Project object */;
			proxyType = 1;
			remoteGlobalIDString = 2EC3F4CB2EBFEE8700D70CC0;
			remoteInfo = "Astoria Filter Editor";
		};
/* End PBXContainerItemProxy section */

/* Begin PBXFileReference section */
		2EC3F4CC2EBFEE8700D70CC0 /* Astoria Filter Editor.app */ = {isa = PBXFileReference; explicitFileType = wrapper.application; includeInIndex = 0; path = "Astoria Filter Editor.app"; sourceTree = BUILT_PRODUCTS_DIR; };
		2EC3F4D92EBFEE8800D70CC0 /* Astoria Filter EditorTests.xctest */ = {isa = PBXFileReference; explicitFileType = wrapper.cfbundle; includeInIndex = 0; path = "Astoria Filter EditorTests.xctest"; sourceTree = BUILT_PRODUCTS_DIR; };
		2EC3F4E32EBFEE8800D70CC0 /* Astoria Filter EditorUITests.xctest */ = {isa = PBXFileReference; explicitFileType = wrapper.cfbundle; includeInIndex = 0; path = "Astoria Filter EditorUITests.xctest"; sourceTree = BUILT_PRODUCTS_DIR; };
/* End PBXFileReference section */

/* Begin PBXFileSystemSynchronizedBuildFileExceptionSet section */
		85BD425B2ECAB2A3006875F3 /* Exceptions for "Astoria Filter Editor" folder in "Astoria Filter Editor" target */ = {
			isa = PBXFileSystemSynchronizedBuildFileExceptionSet;
			membershipExceptions = (
				"UI/ADSR Ed close.swift",
				UI/ADSRRRR.swift,
				"UI/Another ADSR - Closest.swift",
				"UI/Claude Log.swift",
				UI/complete_project.swift,
				"UI/Keyboard View.swift",
				"UI/LFO View.swift",
				UI/LFOTracerView.swift,
				UI/LogScaleView.swift,
				"UI/Midi Monitoring.swift",
				UI/MIDITimeMappingVisualizer.swift,
				"UI/Pan Indicator.swift",
				UI/swiftui_piano_keyboard.swift,
			);
			target = 2EC3F4CB2EBFEE8700D70CC0 /* Astoria Filter Editor */;
		};
/* End PBXFileSystemSynchronizedBuildFileExceptionSet section */

/* Begin PBXFileSystemSynchronizedRootGroup section */
		2EC3F4CE2EBFEE8700D70CC0 /* Astoria Filter Editor */ = {
			isa = PBXFileSystemSynchronizedRootGroup;
			exceptions = (
				85BD425B2ECAB2A3006875F3 /* Exceptions for "Astoria Filter Editor" folder in "Astoria Filter Editor" target */,
			);
			path = "Astoria Filter Editor";
			sourceTree = "<group>";
		};
		2EC3F4DC2EBFEE8800D70CC0 /* Astoria Filter EditorTests */ = {
			isa = PBXFileSystemSynchronizedRootGroup;
			path = "Astoria Filter EditorTests";
			sourceTree = "<group>";
		};
		2EC3F4E62EBFEE8800D70CC0 /* Astoria Filter EditorUITests */ = {
			isa = PBXFileSystemSynchronizedRootGroup;
			path = "Astoria Filter EditorUITests";
			sourceTree = "<group>";
		};
/* End PBXFileSystemSynchronizedRootGroup section */

/* Begin PBXFrameworksBuildPhase section */
		2EC3F4C92EBFEE8700D70CC0 /* Frameworks */ = {
			isa = PBXFrameworksBuildPhase;
			buildActionMask = 2147483647;
			files = (
			);
			runOnlyForDeploymentPostprocessing = 0;
		};
		2EC3F4D62EBFEE8800D70CC0 /* Frameworks */ = {
			isa = PBXFrameworksBuildPhase;
			buildActionMask = 2147483647;
			files = (
			);
			runOnlyForDeploymentPostprocessing = 0;
		};
		2EC3F4E02EBFEE8800D70CC0 /* Frameworks */ = {
			isa = PBXFrameworksBuildPhase;
			buildActionMask = 2147483647;
			files = (
			);
			runOnlyForDeploymentPostprocessing = 0;
		};
/* End PBXFrameworksBuildPhase section */

/* Begin PBXGroup section */
		2EC3F4C32EBFEE8700D70CC0 = {
			isa = PBXGroup;
			children = (
				2EC3F4CE2EBFEE8700D70CC0 /* Astoria Filter Editor */,
				2EC3F4DC2EBFEE8800D70CC0 /* Astoria Filter EditorTests */,
				2EC3F4E62EBFEE8800D70CC0 /* Astoria Filter EditorUITests */,
				2EC3F4CD2EBFEE8700D70CC0 /* Products */,
			);
			sourceTree = "<group>";
		};
		2EC3F4CD2EBFEE8700D70CC0 /* Products */ = {
			isa = PBXGroup;
			children = (
				2EC3F4CC2EBFEE8700D70CC0 /* Astoria Filter Editor.app */,
				2EC3F4D92EBFEE8800D70CC0 /* Astoria Filter EditorTests.xctest */,
				2EC3F4E32EBFEE8800D70CC0 /* Astoria Filter EditorUITests.xctest */,
			);
			name = Products;
			sourceTree = "<group>";
		};
/* End PBXGroup section */

/* Begin PBXNativeTarget section */
		2EC3F4CB2EBFEE8700D70CC0 /* Astoria Filter Editor */ = {
			isa = PBXNativeTarget;
			buildConfigurationList = 2EC3F4ED2EBFEE8800D70CC0 /* Build configuration list for PBXNativeTarget "Astoria Filter Editor" */;
			buildPhases = (
				2EC3F4C82EBFEE8700D70CC0 /* Sources */,
				2EC3F4C92EBFEE8700D70CC0 /* Frameworks */,
				2EC3F4CA2EBFEE8700D70CC0 /* Resources */,
			);
			buildRules = (
			);
			dependencies = (
			);
			fileSystemSynchronizedGroups = (
				2EC3F4CE2EBFEE8700D70CC0 /* Astoria Filter Editor */,
			);
			name = "Astoria Filter Editor";
			packageProductDependencies = (
			);
			productName = "Astoria Filter Editor";
			productReference = 2EC3F4CC2EBFEE8700D70CC0 /* Astoria Filter Editor.app */;
			productType = "com.apple.product-type.application";
		};
		2EC3F4D82EBFEE8800D70CC0 /* Astoria Filter EditorTests */ = {
			isa = PBXNativeTarget;
			buildConfigurationList = 2EC3F4F02EBFEE8800D70CC0 /* Build configuration list for PBXNativeTarget "Astoria Filter EditorTests" */;
			buildPhases = (
				2EC3F4D52EBFEE8800D70CC0 /* Sources */,
				2EC3F4D62EBFEE8800D70CC0 /* Frameworks */,
				2EC3F4D72EBFEE8800D70CC0 /* Resources */,
			);
			buildRules = (
			);
			dependencies = (
				2EC3F4DB2EBFEE8800D70CC0 /* PBXTargetDependency */,
			);
			fileSystemSynchronizedGroups = (
				2EC3F4DC2EBFEE8800D70CC0 /* Astoria Filter EditorTests */,
			);
			name = "Astoria Filter EditorTests";
			packageProductDependencies = (
			);
			productName = "Astoria Filter EditorTests";
			productReference = 2EC3F4D92EBFEE8800D70CC0 /* Astoria Filter EditorTests.xctest */;
			productType = "com.apple.product-type.bundle.unit-test";
		};
		2EC3F4E22EBFEE8800D70CC0 /* Astoria Filter EditorUITests */ = {
			isa = PBXNativeTarget;
			buildConfigurationList = 2EC3F4F32EBFEE8800D70CC0 /* Build configuration list for PBXNativeTarget "Astoria Filter EditorUITests" */;
			buildPhases = (
				2EC3F4DF2EBFEE8800D70CC0 /* Sources */,
				2EC3F4E02EBFEE8800D70CC0 /* Frameworks */,
				2EC3F4E12EBFEE8800D70CC0 /* Resources */,
			);
			buildRules = (
			);
			dependencies = (
				2EC3F4E52EBFEE8800D70CC0 /* PBXTargetDependency */,
			);
			fileSystemSynchronizedGroups = (
				2EC3F4E62EBFEE8800D70CC0 /* Astoria Filter EditorUITests */,
			);
			name = "Astoria Filter EditorUITests";
			packageProductDependencies = (
			);
			productName = "Astoria Filter EditorUITests";
			productReference = 2EC3F4E32EBFEE8800D70CC0 /* Astoria Filter EditorUITests.xctest */;
			productType = "com.apple.product-type.bundle.ui-testing";
		};
/* End PBXNativeTarget section */

/* Begin PBXProject section */
		2EC3F4C42EBFEE8700D70CC0 /* Project object */ = {
			isa = PBXProject;
			attributes = {
				BuildIndependentTargetsInParallel = 1;
				LastSwiftUpdateCheck = 2610;
				LastUpgradeCheck = 2610;
				TargetAttributes = {
					2EC3F4CB2EBFEE8700D70CC0 = {
						CreatedOnToolsVersion = 26.1;
					};
					2EC3F4D82EBFEE8800D70CC0 = {
						CreatedOnToolsVersion = 26.1;
						TestTargetID = 2EC3F4CB2EBFEE8700D70CC0;
					};
					2EC3F4E22EBFEE8800D70CC0 = {
						CreatedOnToolsVersion = 26.1;
						TestTargetID = 2EC3F4CB2EBFEE8700D70CC0;
					};
				};
			};
			buildConfigurationList = 2EC3F4C72EBFEE8700D70CC0 /* Build configuration list for PBXProject "Astoria Filter Editor" */;
			developmentRegion = en;
			hasScannedForEncodings = 0;
			knownRegions = (
				en,
				Base,
			);
			mainGroup = 2EC3F4C32EBFEE8700D70CC0;
			minimizedProjectReferenceProxies = 1;
			preferredProjectObjectVersion = 77;
			productRefGroup = 2EC3F4CD2EBFEE8700D70CC0 /* Products */;
			projectDirPath = "";
			projectRoot = "";
			targets = (
				2EC3F4CB2EBFEE8700D70CC0 /* Astoria Filter Editor */,
				2EC3F4D82EBFEE8800D70CC0 /* Astoria Filter EditorTests */,
				2EC3F4E22EBFEE8800D70CC0 /* Astoria Filter EditorUITests */,
			);
		};
/* End PBXProject section */

/* Begin PBXResourcesBuildPhase section */
		2EC3F4CA2EBFEE8700D70CC0 /* Resources */ = {
			isa = PBXResourcesBuildPhase;
			buildActionMask = 2147483647;
			files = (
			);
			runOnlyForDeploymentPostprocessing = 0;
		};
		2EC3F4D72EBFEE8800D70CC0 /* Resources */ = {
			isa = PBXResourcesBuildPhase;
			buildActionMask = 2147483647;
			files = (
			);
			runOnlyForDeploymentPostprocessing = 0;
		};
		2EC3F4E12EBFEE8800D70CC0 /* Resources */ = {
			isa = PBXResourcesBuildPhase;
			buildActionMask = 2147483647;
			files = (
			);
			runOnlyForDeploymentPostprocessing = 0;
		};
/* End PBXResourcesBuildPhase section */

/* Begin PBXSourcesBuildPhase section */
		2EC3F4C82EBFEE8700D70CC0 /* Sources */ = {
			isa = PBXSourcesBuildPhase;
			buildActionMask = 2147483647;
			files = (
			);
			runOnlyForDeploymentPostprocessing = 0;
		};
		2EC3F4D52EBFEE8800D70CC0 /* Sources */ = {
			isa = PBXSourcesBuildPhase;
			buildActionMask = 2147483647;
			files = (
			);
			runOnlyForDeploymentPostprocessing = 0;
		};
		2EC3F4DF2EBFEE8800D70CC0 /* Sources */ = {
			isa = PBXSourcesBuildPhase;
			buildActionMask = 2147483647;
			files = (
			);
			runOnlyForDeploymentPostprocessing = 0;
		};
/* End PBXSourcesBuildPhase section */

/* Begin PBXTargetDependency section */
		2EC3F4DB2EBFEE8800D70CC0 /* PBXTargetDependency */ = {
			isa = PBXTargetDependency;
			target = 2EC3F4CB2EBFEE8700D70CC0 /* Astoria Filter Editor */;
			targetProxy = 2EC3F4DA2EBFEE8800D70CC0 /* PBXContainerItemProxy */;
		};
		2EC3F4E52EBFEE8800D70CC0 /* PBXTargetDependency */ = {
			isa = PBXTargetDependency;
			target = 2EC3F4CB2EBFEE8700D70CC0 /* Astoria Filter Editor */;
			targetProxy = 2EC3F4E42EBFEE8800D70CC0 /* PBXContainerItemProxy */;
		};
/* End PBXTargetDependency section */

/* Begin XCBuildConfiguration section */
		2EC3F4EB2EBFEE8800D70CC0 /* Debug */ = {
			isa = XCBuildConfiguration;
			buildSettings = {
				ALWAYS_SEARCH_USER_PATHS = NO;
				ASSETCATALOG_COMPILER_GENERATE_SWIFT_ASSET_SYMBOL_EXTENSIONS = YES;
				CLANG_ANALYZER_NONNULL = YES;
				CLANG_ANALYZER_NUMBER_OBJECT_CONVERSION = YES_AGGRESSIVE;
				CLANG_CXX_LANGUAGE_STANDARD = "gnu++20";
				CLANG_ENABLE_MODULES = YES;
				CLANG_ENABLE_OBJC_ARC = YES;
				CLANG_ENABLE_OBJC_WEAK = YES;
				CLANG_WARN_BLOCK_CAPTURE_AUTORELEASING = YES;
				CLANG_WARN_BOOL_CONVERSION = YES;
				CLANG_WARN_COMMA = YES;
				CLANG_WARN_CONSTANT_CONVERSION = YES;
				CLANG_WARN_DEPRECATED_OBJC_IMPLEMENTATIONS = YES;
				CLANG_WARN_DIRECT_OBJC_ISA_USAGE = YES_ERROR;
				CLANG_WARN_DOCUMENTATION_COMMENTS = YES;
				CLANG_WARN_EMPTY_BODY = YES;
				CLANG_WARN_ENUM_CONVERSION = YES;
				CLANG_WARN_INFINITE_RECURSION = YES;
				CLANG_WARN_INT_CONVERSION = YES;
				CLANG_WARN_NON_LITERAL_NULL_CONVERSION = YES;
				CLANG_WARN_OBJC_IMPLICIT_RETAIN_SELF = YES;
				CLANG_WARN_OBJC_LITERAL_CONVERSION = YES;
				CLANG_WARN_OBJC_ROOT_CLASS = YES_ERROR;
				CLANG_WARN_QUOTED_INCLUDE_IN_FRAMEWORK_HEADER = YES;
				CLANG_WARN_RANGE_LOOP_ANALYSIS = YES;
				CLANG_WARN_STRICT_PROTOTYPES = YES;
				CLANG_WARN_SUSPICIOUS_MOVE = YES;
				CLANG_WARN_UNGUARDED_AVAILABILITY = YES_AGGRESSIVE;
				CLANG_WARN_UNREACHABLE_CODE = YES;
				CLANG_WARN__DUPLICATE_METHOD_MATCH = YES;
				COPY_PHASE_STRIP = NO;
				DEBUG_INFORMATION_FORMAT = dwarf;
				DEVELOPMENT_TEAM = VZ3HPXJ4NG;
				ENABLE_STRICT_OBJC_MSGSEND = YES;
				ENABLE_TESTABILITY = YES;
				ENABLE_USER_SCRIPT_SANDBOXING = YES;
				GCC_C_LANGUAGE_STANDARD = gnu17;
				GCC_DYNAMIC_NO_PIC = NO;
				GCC_NO_COMMON_BLOCKS = YES;
				GCC_OPTIMIZATION_LEVEL = 0;
				GCC_PREPROCESSOR_DEFINITIONS = (
					"DEBUG=1",
					"$(inherited)",
				);
				GCC_WARN_64_TO_32_BIT_CONVERSION = YES;
				GCC_WARN_ABOUT_RETURN_TYPE = YES_ERROR;
				GCC_WARN_UNDECLARED_SELECTOR = YES;
				GCC_WARN_UNINITIALIZED_AUTOS = YES_AGGRESSIVE;
				GCC_WARN_UNUSED_FUNCTION = YES;
				GCC_WARN_UNUSED_VARIABLE = YES;
				LOCALIZATION_PREFERS_STRING_CATALOGS = YES;
				MTL_ENABLE_DEBUG_INFO = INCLUDE_SOURCE;
				MTL_FAST_MATH = YES;
				ONLY_ACTIVE_ARCH = YES;
				SWIFT_ACTIVE_COMPILATION_CONDITIONS = "DEBUG $(inherited)";
				SWIFT_OPTIMIZATION_LEVEL = "-Onone";
			};
			name = Debug;
		};
		2EC3F4EC2EBFEE8800D70CC0 /* Release */ = {
			isa = XCBuildConfiguration;
			buildSettings = {
				ALWAYS_SEARCH_USER_PATHS = NO;
				ASSETCATALOG_COMPILER_GENERATE_SWIFT_ASSET_SYMBOL_EXTENSIONS = YES;
				CLANG_ANALYZER_NONNULL = YES;
				CLANG_ANALYZER_NUMBER_OBJECT_CONVERSION = YES_AGGRESSIVE;
				CLANG_CXX_LANGUAGE_STANDARD = "gnu++20";
				CLANG_ENABLE_MODULES = YES;
				CLANG_ENABLE_OBJC_ARC = YES;
				CLANG_ENABLE_OBJC_WEAK = YES;
				CLANG_WARN_BLOCK_CAPTURE_AUTORELEASING = YES;
				CLANG_WARN_BOOL_CONVERSION = YES;
				CLANG_WARN_COMMA = YES;
				CLANG_WARN_CONSTANT_CONVERSION = YES;
				CLANG_WARN_DEPRECATED_OBJC_IMPLEMENTATIONS = YES;
				CLANG_WARN_DIRECT_OBJC_ISA_USAGE = YES_ERROR;
				CLANG_WARN_DOCUMENTATION_COMMENTS = YES;
				CLANG_WARN_EMPTY_BODY = YES;
				CLANG_WARN_ENUM_CONVERSION = YES;
				CLANG_WARN_INFINITE_RECURSION = YES;
				CLANG_WARN_INT_CONVERSION = YES;
				CLANG_WARN_NON_LITERAL_NULL_CONVERSION = YES;
				CLANG_WARN_OBJC_IMPLICIT_RETAIN_SELF = YES;
				CLANG_WARN_OBJC_LITERAL_CONVERSION = YES;
				CLANG_WARN_OBJC_ROOT_CLASS = YES_ERROR;
				CLANG_WARN_QUOTED_INCLUDE_IN_FRAMEWORK_HEADER = YES;
				CLANG_WARN_RANGE_LOOP_ANALYSIS = YES;
				CLANG_WARN_STRICT_PROTOTYPES = YES;
				CLANG_WARN_SUSPICIOUS_MOVE = YES;
				CLANG_WARN_UNGUARDED_AVAILABILITY = YES_AGGRESSIVE;
				CLANG_WARN_UNREACHABLE_CODE = YES;
				CLANG_WARN__DUPLICATE_METHOD_MATCH = YES;
				COPY_PHASE_STRIP = NO;
				DEBUG_INFORMATION_FORMAT = "dwarf-with-dsym";
				DEVELOPMENT_TEAM = VZ3HPXJ4NG;
				ENABLE_NS_ASSERTIONS = NO;
				ENABLE_STRICT_OBJC_MSGSEND = YES;
				ENABLE_USER_SCRIPT_SANDBOXING = YES;
				GCC_C_LANGUAGE_STANDARD = gnu17;
				GCC_NO_COMMON_BLOCKS = YES;
				GCC_WARN_64_TO_32_BIT_CONVERSION = YES;
				GCC_WARN_ABOUT_RETURN_TYPE = YES_ERROR;
				GCC_WARN_UNDECLARED_SELECTOR = YES;
				GCC_WARN_UNINITIALIZED_AUTOS = YES_AGGRESSIVE;
				GCC_WARN_UNUSED_FUNCTION = YES;
				GCC_WARN_UNUSED_VARIABLE = YES;
				LOCALIZATION_PREFERS_STRING_CATALOGS = YES;
				MTL_ENABLE_DEBUG_INFO = NO;
				MTL_FAST_MATH = YES;
				SWIFT_COMPILATION_MODE = wholemodule;
			};
			name = Release;
		};
		2EC3F4EE2EBFEE8800D70CC0 /* Debug */ = {
			isa = XCBuildConfiguration;
			buildSettings = {
				ASSETCATALOG_COMPILER_APPICON_NAME = AppIcon;
				ASSETCATALOG_COMPILER_GLOBAL_ACCENT_COLOR_NAME = AccentColor;
				CODE_SIGN_STYLE = Automatic;
				CURRENT_PROJECT_VERSION = 1;
				DEVELOPMENT_TEAM = VZ3HPXJ4NG;
				ENABLE_APP_SANDBOX = YES;
				ENABLE_HARDENED_RUNTIME = YES;
				ENABLE_PREVIEWS = YES;
				ENABLE_USER_SELECTED_FILES = readonly;
				GENERATE_INFOPLIST_FILE = YES;
				"INFOPLIST_KEY_UIApplicationSceneManifest_Generation[sdk=iphoneos*]" = YES;
				"INFOPLIST_KEY_UIApplicationSceneManifest_Generation[sdk=iphonesimulator*]" = YES;
				"INFOPLIST_KEY_UIApplicationSupportsIndirectInputEvents[sdk=iphoneos*]" = YES;
				"INFOPLIST_KEY_UIApplicationSupportsIndirectInputEvents[sdk=iphonesimulator*]" = YES;
				"INFOPLIST_KEY_UILaunchScreen_Generation[sdk=iphoneos*]" = YES;
				"INFOPLIST_KEY_UILaunchScreen_Generation[sdk=iphonesimulator*]" = YES;
				"INFOPLIST_KEY_UIStatusBarStyle[sdk=iphoneos*]" = UIStatusBarStyleDefault;
				"INFOPLIST_KEY_UIStatusBarStyle[sdk=iphonesimulator*]" = UIStatusBarStyleDefault;
				INFOPLIST_KEY_UISupportedInterfaceOrientations_iPad = "UIInterfaceOrientationPortrait UIInterfaceOrientationPortraitUpsideDown UIInterfaceOrientationLandscapeLeft UIInterfaceOrientationLandscapeRight";
				INFOPLIST_KEY_UISupportedInterfaceOrientations_iPhone = "UIInterfaceOrientationPortrait UIInterfaceOrientationLandscapeLeft UIInterfaceOrientationLandscapeRight";
				IPHONEOS_DEPLOYMENT_TARGET = 26.1;
				LD_RUNPATH_SEARCH_PATHS = "@executable_path/Frameworks";
				"LD_RUNPATH_SEARCH_PATHS[sdk=macosx*]" = "@executable_path/../Frameworks";
				MACOSX_DEPLOYMENT_TARGET = 26.0;
				MARKETING_VERSION = 1.0;
				PRODUCT_BUNDLE_IDENTIFIER = "com.majorssoft.Astoria-Filter-Editor";
				PRODUCT_NAME = "$(TARGET_NAME)";
				REGISTER_APP_GROUPS = YES;
				SDKROOT = auto;
				STRING_CATALOG_GENERATE_SYMBOLS = YES;
				SUPPORTED_PLATFORMS = "iphoneos iphonesimulator macosx xros xrsimulator";
				SWIFT_APPROACHABLE_CONCURRENCY = YES;
				SWIFT_DEFAULT_ACTOR_ISOLATION = MainActor;
				SWIFT_EMIT_LOC_STRINGS = YES;
				SWIFT_UPCOMING_FEATURE_MEMBER_IMPORT_VISIBILITY = YES;
				SWIFT_VERSION = 5.0;
				TARGETED_DEVICE_FAMILY = "1,2,7";
				XROS_DEPLOYMENT_TARGET = 26.1;
			};
			name = Debug;
		};
		2EC3F4EF2EBFEE8800D70CC0 /* Release */ = {
			isa = XCBuildConfiguration;
			buildSettings = {
				ASSETCATALOG_COMPILER_APPICON_NAME = AppIcon;
				ASSETCATALOG_COMPILER_GLOBAL_ACCENT_COLOR_NAME = AccentColor;
				CODE_SIGN_STYLE = Automatic;
				CURRENT_PROJECT_VERSION = 1;
				DEVELOPMENT_TEAM = VZ3HPXJ4NG;
				ENABLE_APP_SANDBOX = YES;
				ENABLE_HARDENED_RUNTIME = YES;
				ENABLE_PREVIEWS = YES;
				ENABLE_USER_SELECTED_FILES = readonly;
				GENERATE_INFOPLIST_FILE = YES;
				"INFOPLIST_KEY_UIApplicationSceneManifest_Generation[sdk=iphoneos*]" = YES;
				"INFOPLIST_KEY_UIApplicationSceneManifest_Generation[sdk=iphonesimulator*]" = YES;
				"INFOPLIST_KEY_UIApplicationSupportsIndirectInputEvents[sdk=iphoneos*]" = YES;
				"INFOPLIST_KEY_UIApplicationSupportsIndirectInputEvents[sdk=iphonesimulator*]" = YES;
				"INFOPLIST_KEY_UILaunchScreen_Generation[sdk=iphoneos*]" = YES;
				"INFOPLIST_KEY_UILaunchScreen_Generation[sdk=iphonesimulator*]" = YES;
				"INFOPLIST_KEY_UIStatusBarStyle[sdk=iphoneos*]" = UIStatusBarStyleDefault;
				"INFOPLIST_KEY_UIStatusBarStyle[sdk=iphonesimulator*]" = UIStatusBarStyleDefault;
				INFOPLIST_KEY_UISupportedInterfaceOrientations_iPad = "UIInterfaceOrientationPortrait UIInterfaceOrientationPortraitUpsideDown UIInterfaceOrientationLandscapeLeft UIInterfaceOrientationLandscapeRight";
				INFOPLIST_KEY_UISupportedInterfaceOrientations_iPhone = "UIInterfaceOrientationPortrait UIInterfaceOrientationLandscapeLeft UIInterfaceOrientationLandscapeRight";
				IPHONEOS_DEPLOYMENT_TARGET = 26.1;
				LD_RUNPATH_SEARCH_PATHS = "@executable_path/Frameworks";
				"LD_RUNPATH_SEARCH_PATHS[sdk=macosx*]" = "@executable_path/../Frameworks";
				MACOSX_DEPLOYMENT_TARGET = 26.0;
				MARKETING_VERSION = 1.0;
				PRODUCT_BUNDLE_IDENTIFIER = "com.majorssoft.Astoria-Filter-Editor";
				PRODUCT_NAME = "$(TARGET_NAME)";
				REGISTER_APP_GROUPS = YES;
				SDKROOT = auto;
				STRING_CATALOG_GENERATE_SYMBOLS = YES;
				SUPPORTED_PLATFORMS = "iphoneos iphonesimulator macosx xros xrsimulator";
				SWIFT_APPROACHABLE_CONCURRENCY = YES;
				SWIFT_DEFAULT_ACTOR_ISOLATION = MainActor;
				SWIFT_EMIT_LOC_STRINGS = YES;
				SWIFT_UPCOMING_FEATURE_MEMBER_IMPORT_VISIBILITY = YES;
				SWIFT_VERSION = 5.0;
				TARGETED_DEVICE_FAMILY = "1,2,7";
				XROS_DEPLOYMENT_TARGET = 26.1;
			};
			name = Release;
		};
		2EC3F4F12EBFEE8800D70CC0 /* Debug */ = {
			isa = XCBuildConfiguration;
			buildSettings = {
				BUNDLE_LOADER = "$(TEST_HOST)";
				CODE_SIGN_STYLE = Automatic;
				CURRENT_PROJECT_VERSION = 1;
				DEVELOPMENT_TEAM = VZ3HPXJ4NG;
				GENERATE_INFOPLIST_FILE = YES;
				IPHONEOS_DEPLOYMENT_TARGET = 26.1;
				MACOSX_DEPLOYMENT_TARGET = 26.0;
				MARKETING_VERSION = 1.0;
				PRODUCT_BUNDLE_IDENTIFIER = "com.majorssoft.Astoria-Filter-EditorTests";
				PRODUCT_NAME = "$(TARGET_NAME)";
				SDKROOT = auto;
				STRING_CATALOG_GENERATE_SYMBOLS = NO;
				SUPPORTED_PLATFORMS = "iphoneos iphonesimulator macosx xros xrsimulator";
				SWIFT_APPROACHABLE_CONCURRENCY = YES;
				SWIFT_EMIT_LOC_STRINGS = NO;
				SWIFT_UPCOMING_FEATURE_MEMBER_IMPORT_VISIBILITY = YES;
				SWIFT_VERSION = 5.0;
				TARGETED_DEVICE_FAMILY = "1,2,7";
				TEST_HOST = "$(BUILT_PRODUCTS_DIR)/Astoria Filter Editor.app/$(BUNDLE_EXECUTABLE_FOLDER_PATH)/Astoria Filter Editor";
				XROS_DEPLOYMENT_TARGET = 26.1;
			};
			name = Debug;
		};
		2EC3F4F22EBFEE8800D70CC0 /* Release */ = {
			isa = XCBuildConfiguration;
			buildSettings = {
				BUNDLE_LOADER = "$(TEST_HOST)";
				CODE_SIGN_STYLE = Automatic;
				CURRENT_PROJECT_VERSION = 1;
				DEVELOPMENT_TEAM = VZ3HPXJ4NG;
				GENERATE_INFOPLIST_FILE = YES;
				IPHONEOS_DEPLOYMENT_TARGET = 26.1;
				MACOSX_DEPLOYMENT_TARGET = 26.0;
				MARKETING_VERSION = 1.0;
				PRODUCT_BUNDLE_IDENTIFIER = "com.majorssoft.Astoria-Filter-EditorTests";
				PRODUCT_NAME = "$(TARGET_NAME)";
				SDKROOT = auto;
				STRING_CATALOG_GENERATE_SYMBOLS = NO;
				SUPPORTED_PLATFORMS = "iphoneos iphonesimulator macosx xros xrsimulator";
				SWIFT_APPROACHABLE_CONCURRENCY = YES;
				SWIFT_EMIT_LOC_STRINGS = NO;
				SWIFT_UPCOMING_FEATURE_MEMBER_IMPORT_VISIBILITY = YES;
				SWIFT_VERSION = 5.0;
				TARGETED_DEVICE_FAMILY = "1,2,7";
				TEST_HOST = "$(BUILT_PRODUCTS_DIR)/Astoria Filter Editor.app/$(BUNDLE_EXECUTABLE_FOLDER_PATH)/Astoria Filter Editor";
				XROS_DEPLOYMENT_TARGET = 26.1;
			};
			name = Release;
		};
		2EC3F4F42EBFEE8800D70CC0 /* Debug */ = {
			isa = XCBuildConfiguration;
			buildSettings = {
				CODE_SIGN_STYLE = Automatic;
				CURRENT_PROJECT_VERSION = 1;
				DEVELOPMENT_TEAM = VZ3HPXJ4NG;
				GENERATE_INFOPLIST_FILE = YES;
				IPHONEOS_DEPLOYMENT_TARGET = 26.1;
				MACOSX_DEPLOYMENT_TARGET = 26.0;
				MARKETING_VERSION = 1.0;
				PRODUCT_BUNDLE_IDENTIFIER = "com.majorssoft.Astoria-Filter-EditorUITests";
				PRODUCT_NAME = "$(TARGET_NAME)";
				SDKROOT = auto;
				STRING_CATALOG_GENERATE_SYMBOLS = NO;
				SUPPORTED_PLATFORMS = "iphoneos iphonesimulator macosx xros xrsimulator";
				SWIFT_APPROACHABLE_CONCURRENCY = YES;
				SWIFT_EMIT_LOC_STRINGS = NO;
				SWIFT_UPCOMING_FEATURE_MEMBER_IMPORT_VISIBILITY = YES;
				SWIFT_VERSION = 5.0;
				TARGETED_DEVICE_FAMILY = "1,2,7";
				TEST_TARGET_NAME = "Astoria Filter Editor";
				XROS_DEPLOYMENT_TARGET = 26.1;
			};
			name = Debug;
		};
		2EC3F4F52EBFEE8800D70CC0 /* Release */ = {
			isa = XCBuildConfiguration;
			buildSettings = {
				CODE_SIGN_STYLE = Automatic;
				CURRENT_PROJECT_VERSION = 1;
				DEVELOPMENT_TEAM = VZ3HPXJ4NG;
				GENERATE_INFOPLIST_FILE = YES;
				IPHONEOS_DEPLOYMENT_TARGET = 26.1;
				MACOSX_DEPLOYMENT_TARGET = 26.0;
				MARKETING_VERSION = 1.0;
				PRODUCT_BUNDLE_IDENTIFIER = "com.majorssoft.Astoria-Filter-EditorUITests";
				PRODUCT_NAME = "$(TARGET_NAME)";
				SDKROOT = auto;
				STRING_CATALOG_GENERATE_SYMBOLS = NO;
				SUPPORTED_PLATFORMS = "iphoneos iphonesimulator macosx xros xrsimulator";
				SWIFT_APPROACHABLE_CONCURRENCY = YES;
				SWIFT_EMIT_LOC_STRINGS = NO;
				SWIFT_UPCOMING_FEATURE_MEMBER_IMPORT_VISIBILITY = YES;
				SWIFT_VERSION = 5.0;
				TARGETED_DEVICE_FAMILY = "1,2,7";
				TEST_TARGET_NAME = "Astoria Filter Editor";
				XROS_DEPLOYMENT_TARGET = 26.1;
			};
			name = Release;
		};
/* End XCBuildConfiguration section */

/* Begin XCConfigurationList section */
		2EC3F4C72EBFEE8700D70CC0 /* Build configuration list for PBXProject "Astoria Filter Editor" */ = {
			isa = XCConfigurationList;
			buildConfigurations = (
				2EC3F4EB2EBFEE8800D70CC0 /* Debug */,
				2EC3F4EC2EBFEE8800D70CC0 /* Release */,
			);
			defaultConfigurationIsVisible = 0;
			defaultConfigurationName = Release;
		};
		2EC3F4ED2EBFEE8800D70CC0 /* Build configuration list for PBXNativeTarget "Astoria Filter Editor" */ = {
			isa = XCConfigurationList;
			buildConfigurations = (
				2EC3F4EE2EBFEE8800D70CC0 /* Debug */,
				2EC3F4EF2EBFEE8800D70CC0 /* Release */,
			);
			defaultConfigurationIsVisible = 0;
			defaultConfigurationName = Release;
		};
		2EC3F4F02EBFEE8800D70CC0 /* Build configuration list for PBXNativeTarget "Astoria Filter EditorTests" */ = {
			isa = XCConfigurationList;
			buildConfigurations = (
				2EC3F4F12EBFEE8800D70CC0 /* Debug */,
				2EC3F4F22EBFEE8800D70CC0 /* Release */,
			);
			defaultConfigurationIsVisible = 0;
			defaultConfigurationName = Release;
		};
		2EC3F4F32EBFEE8800D70CC0 /* Build configuration list for PBXNativeTarget "Astoria Filter EditorUITests" */ = {
			isa = XCConfigurationList;
			buildConfigurations = (
				2EC3F4F42EBFEE8800D70CC0 /* Debug */,
				2EC3F4F52EBFEE8800D70CC0 /* Release */,
			);
			defaultConfigurationIsVisible = 0;
			defaultConfigurationName = Release;
		};
/* End XCConfigurationList section */
	};
	rootObject = 2EC3F4C42EBFEE8700D70CC0 /* Project object */;
}
